
Microsoft Visual Studio Solution File, Format Version 12.00
# Visual Studio Version 17
VisualStudioVersion = 17.4.33122.133
MinimumVisualStudioVersion = 10.0.40219.1
Project("{FAE04EC0-301F-11D3-BF4B-00C04F79EFBC}") = "MvcMovie", "MvcMovie.csproj", "{C2B7AB6A-2AFA-4897-A057-E37C74E2648C}"
EndProject
Global
	GlobalSection(SolutionConfigurationPlatforms) = preSolution
		Debug|Any CPU = Debug|Any CPU
		Release|Any CPU = Release|Any CPU
	EndGlobalSection
	GlobalSection(ProjectConfigurationPlatforms) = postSolution
		{C2B7AB6A-2AFA-4897-A057-E37C74E2648C}.Debug|Any CPU.ActiveCfg = Debug|Any CPU
		{C2B7AB6A-2AFA-4897-A057-E37C74E2648C}.Debug|Any CPU.Build.0 = Debug|Any CPU
		{C2B7AB6A-2AFA-4897-A057-E37C74E2648C}.Release|Any CPU.ActiveCfg = Release|Any CPU
		{C2B7AB6A-2AFA-4897-A057-E37C74E2648C}.Release|Any CPU.Build.0 = Release|Any CPU
	EndGlobalSection
	GlobalSection(SolutionProperties) = preSolution
		HideSolutionNode = FALSE
	EndGlobalSection
	GlobalSection(ExtensibilityGlobals) = postSolution
		SolutionGuid = {F8DA559C-69B0-4158-AB46-47E75B2B6730}
	EndGlobalSection
EndGlobal
